<?xml version="1.0" encoding="utf-8"?>
<Project ToolsVersion="4.0" xmlns="http://schemas.microsoft.com/developer/msbuild/2003">
  <ItemGroup>
    <Filter Include="Source Files">
      <UniqueIdentifier>{4FC737F1-C7A5-4376-A066-2A32D752A2FF}</UniqueIdentifier>
      <Extensions>cpp;c;cc;cxx;def;odl;idl;hpj;bat;asm;asmx</Extensions>
    </Filter>
    <Filter Include="Header Files">
      <UniqueIdentifier>{93995380-89BD-4b04-88EB-625FBE52EBFB}</UniqueIdentifier>
      <Extensions>h;hh;hpp;hxx;hm;inl;inc;xsd</Extensions>
    </Filter>
    <Filter Include="Resource Files">
      <UniqueIdentifier>{67DA6AB6-F800-4c08-8B7A-83BB121AAD01}</UniqueIdentifier>
      <Extensions>rc;ico;cur;bmp;dlg;rc2;rct;bin;rgs;gif;jpg;jpeg;jpe;resx;tiff;tif;png;wav;mfcribbon-ms</Extensions>
    </Filter>
    <Filter Include="Header Files\StateHeaders">
      <UniqueIdentifier>{4b291a76-4533-4b3e-b797-3c137864eb81}</UniqueIdentifier>
    </Filter>
    <Filter Include="Source Files\StatesCPP">
      <UniqueIdentifier>{ac81e96a-b813-40c5-8190-e4e67fdc394c}</UniqueIdentifier>
    </Filter>
  </ItemGroup>
  <ItemGroup>
    <ClCompile Include="Jak_Revai_Town_SimulationApp.cpp">
      <Filter>Source Files</Filter>
    </ClCompile>
    <ClCompile Include="main.cpp">
      <Filter>Source Files</Filter>
    </ClCompile>
    <ClCompile Include="Graph.cpp">
      <Filter>Source Files</Filter>
    </ClCompile>
    <ClCompile Include="Agent.cpp">
      <Filter>Source Files</Filter>
    </ClCompile>
    <ClCompile Include="StateMachine.cpp">
      <Filter>Source Files</Filter>
    </ClCompile>
    <ClCompile Include="State.cpp">
      <Filter>Source Files</Filter>
    </ClCompile>
    <ClCompile Include="Node.cpp">
      <Filter>Source Files</Filter>
    </ClCompile>
    <ClCompile Include="Edge.cpp">
      <Filter>Source Files</Filter>
    </ClCompile>
    <ClCompile Include="CollectWaterState.cpp">
      <Filter>Source Files\StatesCPP</Filter>
    </ClCompile>
    <ClCompile Include="DrinkState.cpp">
      <Filter>Source Files\StatesCPP</Filter>
    </ClCompile>
    <ClCompile Include="EatState.cpp">
      <Filter>Source Files\StatesCPP</Filter>
    </ClCompile>
    <ClCompile Include="GatherState.cpp">
      <Filter>Source Files\StatesCPP</Filter>
    </ClCompile>
    <ClCompile Include="SleepState.cpp">
      <Filter>Source Files\StatesCPP</Filter>
    </ClCompile>
    <ClCompile Include="WanderState.cpp">
      <Filter>Source Files\StatesCPP</Filter>
    </ClCompile>
  </ItemGroup>
  <ItemGroup>
    <ClInclude Include="Jak_Revai_Town_SimulationApp.h">
      <Filter>Header Files</Filter>
    </ClInclude>
    <ClInclude Include="Graph.h">
      <Filter>Header Files</Filter>
    </ClInclude>
    <ClInclude Include="Agent.h">
      <Filter>Header Files</Filter>
    </ClInclude>
    <ClInclude Include="IBehaviour.h">
      <Filter>Header Files</Filter>
    </ClInclude>
    <ClInclude Include="State.h">
      <Filter>Header Files</Filter>
    </ClInclude>
    <ClInclude Include="StateMachine.h">
      <Filter>Header Files</Filter>
    </ClInclude>
    <ClInclude Include="Node.h">
      <Filter>Header Files</Filter>
    </ClInclude>
    <ClInclude Include="Edge.h">
      <Filter>Header Files</Filter>
    </ClInclude>
    <ClInclude Include="WanderState.h">
      <Filter>Header Files\StateHeaders</Filter>
    </ClInclude>
    <ClInclude Include="GatherState.h">
      <Filter>Header Files\StateHeaders</Filter>
    </ClInclude>
    <ClInclude Include="EatState.h">
      <Filter>Header Files\StateHeaders</Filter>
    </ClInclude>
    <ClInclude Include="DrinkState.h">
      <Filter>Header Files\StateHeaders</Filter>
    </ClInclude>
    <ClInclude Include="CollectWaterState.h">
      <Filter>Header Files\StateHeaders</Filter>
    </ClInclude>
    <ClInclude Include="SleepState.h">
      <Filter>Header Files\StateHeaders</Filter>
    </ClInclude>
  </ItemGroup>
</Project>